
Microsoft Visual Studio Solution File, Format Version 12.00
# Visual Studio 2012
Project("{FAE04EC0-301F-11D3-BF4B-00C04F79EFBC}") = "iQuarc.xUnitEx", "iQuarc.xUnitEx\iQuarc.xUnitEx.csproj", "{96E22A07-80BC-4184-9F35-9378BAB3F2D6}"
EndProject
Project("{FAE04EC0-301F-11D3-BF4B-00C04F79EFBC}") = "iQuarc.xUnitEx.UnitTests", "iQuarc.xUnitEx.UnitTests\iQuarc.xUnitEx.UnitTests.csproj", "{B9F3468D-3ABA-4C34-954E-1E5AAA08355C}"
EndProject
Global
	GlobalSection(SolutionConfigurationPlatforms) = preSolution
		Debug|Any CPU = Debug|Any CPU
		Release|Any CPU = Release|Any CPU
	EndGlobalSection
	GlobalSection(ProjectConfigurationPlatforms) = postSolution
		{96E22A07-80BC-4184-9F35-9378BAB3F2D6}.Debug|Any CPU.ActiveCfg = Debug|Any CPU
		{96E22A07-80BC-4184-9F35-9378BAB3F2D6}.Debug|Any CPU.Build.0 = Debug|Any CPU
		{96E22A07-80BC-4184-9F35-9378BAB3F2D6}.Release|Any CPU.ActiveCfg = Release|Any CPU
		{96E22A07-80BC-4184-9F35-9378BAB3F2D6}.Release|Any CPU.Build.0 = Release|Any CPU
		{B9F3468D-3ABA-4C34-954E-1E5AAA08355C}.Debug|Any CPU.ActiveCfg = Debug|Any CPU
		{B9F3468D-3ABA-4C34-954E-1E5AAA08355C}.Debug|Any CPU.Build.0 = Debug|Any CPU
		{B9F3468D-3ABA-4C34-954E-1E5AAA08355C}.Release|Any CPU.ActiveCfg = Release|Any CPU
		{B9F3468D-3ABA-4C34-954E-1E5AAA08355C}.Release|Any CPU.Build.0 = Release|Any CPU
	EndGlobalSection
	GlobalSection(SolutionProperties) = preSolution
		HideSolutionNode = FALSE
	EndGlobalSection
EndGlobal
